
Microsoft Visual Studio Solution File, Format Version 12.00
# Visual Studio Version 17
VisualStudioVersion = 17.1.32319.34
MinimumVisualStudioVersion = 10.0.40219.1
Project("{FAE04EC0-301F-11D3-BF4B-00C04F79EFBC}") = "UASKASIR", "UASKASIR\UASKASIR.csproj", "{735AD860-5254-44EF-80E4-15CB60F62C69}"
EndProject
Project("{54435603-DBB4-11D2-8724-00A0C9A8B90C}") = "Setup Kasir", "Setup Kasir\Setup Kasir.vdproj", "{8640DF9C-7A9E-42C1-BAB0-9A791C2876A1}"
EndProject
Global
	GlobalSection(SolutionConfigurationPlatforms) = preSolution
		Debug|Any CPU = Debug|Any CPU
		Release|Any CPU = Release|Any CPU
	EndGlobalSection
	GlobalSection(ProjectConfigurationPlatforms) = postSolution
		{735AD860-5254-44EF-80E4-15CB60F62C69}.Debug|Any CPU.ActiveCfg = Debug|Any CPU
		{735AD860-5254-44EF-80E4-15CB60F62C69}.Debug|Any CPU.Build.0 = Debug|Any CPU
		{735AD860-5254-44EF-80E4-15CB60F62C69}.Release|Any CPU.ActiveCfg = Release|Any CPU
		{735AD860-5254-44EF-80E4-15CB60F62C69}.Release|Any CPU.Build.0 = Release|Any CPU
		{8640DF9C-7A9E-42C1-BAB0-9A791C2876A1}.Debug|Any CPU.ActiveCfg = Debug
		{8640DF9C-7A9E-42C1-BAB0-9A791C2876A1}.Release|Any CPU.ActiveCfg = Release
	EndGlobalSection
	GlobalSection(SolutionProperties) = preSolution
		HideSolutionNode = FALSE
	EndGlobalSection
	GlobalSection(ExtensibilityGlobals) = postSolution
		SolutionGuid = {14B314B5-D841-4818-9CCD-B40D6774F156}
	EndGlobalSection
EndGlobal
